// !$*UTF8*$!
{
	archiveVersion = 1;
	classes = {
	};
	objectVersion = 56;
	objects = {

/* Begin PBXBuildFile section */
		5CE7068B2C05F0D200C65F08 /* BankingTestApp.swift in Sources */ = {isa = PBXBuildFile; fileRef = 5CE7068A2C05F0D200C65F08 /* BankingTestApp.swift */; };
		5CE7068D2C05F0D200C65F08 /* ContentView.swift in Sources */ = {isa = PBXBuildFile; fileRef = 5CE7068C2C05F0D200C65F08 /* ContentView.swift */; };
		5CE7068F2C05F0D300C65F08 /* Assets.xcassets in Resources */ = {isa = PBXBuildFile; fileRef = 5CE7068E2C05F0D300C65F08 /* Assets.xcassets */; };
		5CE706922C05F0D300C65F08 /* Preview Assets.xcassets in Resources */ = {isa = PBXBuildFile; fileRef = 5CE706912C05F0D300C65F08 /* Preview Assets.xcassets */; };
		5CE7069B2C0608E800C65F08 /* Tabs.swift in Sources */ = {isa = PBXBuildFile; fileRef = 5CE7069A2C0608E800C65F08 /* Tabs.swift */; };
		5CE7069D2C06430200C65F08 /* CardModel.swift in Sources */ = {isa = PBXBuildFile; fileRef = 5CE7069C2C06430200C65F08 /* CardModel.swift */; };
		5CE7069F2C06448E00C65F08 /* TransactionModel.swift in Sources */ = {isa = PBXBuildFile; fileRef = 5CE7069E2C06448E00C65F08 /* TransactionModel.swift */; };
		5CE706A12C06452600C65F08 /* CardsPreviewData.swift in Sources */ = {isa = PBXBuildFile; fileRef = 5CE706A02C06452600C65F08 /* CardsPreviewData.swift */; };
		5CE706A32C0646C000C65F08 /* TransactionsPreviewData.swift in Sources */ = {isa = PBXBuildFile; fileRef = 5CE706A22C0646C000C65F08 /* TransactionsPreviewData.swift */; };
		5CE706A52C064B9700C65F08 /* TransactionRow.swift in Sources */ = {isa = PBXBuildFile; fileRef = 5CE706A42C064B9700C65F08 /* TransactionRow.swift */; };
		5CE706A82C065BCA00C65F08 /* Colors.swift in Sources */ = {isa = PBXBuildFile; fileRef = 5CE706A72C065BCA00C65F08 /* Colors.swift */; };
		5CE706AB2C0750A800C65F08 /* Transactions.json in Resources */ = {isa = PBXBuildFile; fileRef = 5CE706AA2C0750A800C65F08 /* Transactions.json */; };
		5CE706AD2C0750C800C65F08 /* Cards.json in Resources */ = {isa = PBXBuildFile; fileRef = 5CE706AC2C0750C800C65F08 /* Cards.json */; };
		5CE706B62C07C63700C65F08 /* TotalBalance.json in Resources */ = {isa = PBXBuildFile; fileRef = 5CE706B52C07C63700C65F08 /* TotalBalance.json */; };
		5CE706B92C07D5F800C65F08 /* BankAPI.swift in Sources */ = {isa = PBXBuildFile; fileRef = 5CE706B82C07D5F800C65F08 /* BankAPI.swift */; };
		5CE706BB2C07D66500C65F08 /* BalanceModel.swift in Sources */ = {isa = PBXBuildFile; fileRef = 5CE706BA2C07D66500C65F08 /* BalanceModel.swift */; };
		5CE706BD2C07D83600C65F08 /* MockUrlProtocol.swift in Sources */ = {isa = PBXBuildFile; fileRef = 5CE706BC2C07D83600C65F08 /* MockUrlProtocol.swift */; };
		5CE706C02C07DABA00C65F08 /* HomeViewModel.swift in Sources */ = {isa = PBXBuildFile; fileRef = 5CE706BF2C07DABA00C65F08 /* HomeViewModel.swift */; };
		5CE706C22C07F3F300C65F08 /* TransactionsListView.swift in Sources */ = {isa = PBXBuildFile; fileRef = 5CE706C12C07F3F300C65F08 /* TransactionsListView.swift */; };
		5CE706C42C08A7E200C65F08 /* CardsListView.swift in Sources */ = {isa = PBXBuildFile; fileRef = 5CE706C32C08A7E200C65F08 /* CardsListView.swift */; };
		5CE706C62C08A81200C65F08 /* CardRow.swift in Sources */ = {isa = PBXBuildFile; fileRef = 5CE706C52C08A81200C65F08 /* CardRow.swift */; };
		5CE706C82C08B46C00C65F08 /* BalanceView.swift in Sources */ = {isa = PBXBuildFile; fileRef = 5CE706C72C08B46C00C65F08 /* BalanceView.swift */; };
		5CE706CF2C08D69900C65F08 /* HomeView.swift in Sources */ = {isa = PBXBuildFile; fileRef = 5CE706CE2C08D69900C65F08 /* HomeView.swift */; };
/* End PBXBuildFile section */

/* Begin PBXFileReference section */
		5CE706872C05F0D200C65F08 /* BankingTestApp.app */ = {isa = PBXFileReference; explicitFileType = wrapper.application; includeInIndex = 0; path = BankingTestApp.app; sourceTree = BUILT_PRODUCTS_DIR; };
		5CE7068A2C05F0D200C65F08 /* BankingTestApp.swift */ = {isa = PBXFileReference; lastKnownFileType = sourcecode.swift; path = BankingTestApp.swift; sourceTree = "<group>"; };
		5CE7068C2C05F0D200C65F08 /* ContentView.swift */ = {isa = PBXFileReference; lastKnownFileType = sourcecode.swift; path = ContentView.swift; sourceTree = "<group>"; };
		5CE7068E2C05F0D300C65F08 /* Assets.xcassets */ = {isa = PBXFileReference; lastKnownFileType = folder.assetcatalog; path = Assets.xcassets; sourceTree = "<group>"; };
		5CE706912C05F0D300C65F08 /* Preview Assets.xcassets */ = {isa = PBXFileReference; lastKnownFileType = folder.assetcatalog; path = "Preview Assets.xcassets"; sourceTree = "<group>"; };
		5CE7069A2C0608E800C65F08 /* Tabs.swift */ = {isa = PBXFileReference; lastKnownFileType = sourcecode.swift; path = Tabs.swift; sourceTree = "<group>"; };
		5CE7069C2C06430200C65F08 /* CardModel.swift */ = {isa = PBXFileReference; lastKnownFileType = sourcecode.swift; path = CardModel.swift; sourceTree = "<group>"; };
		5CE7069E2C06448E00C65F08 /* TransactionModel.swift */ = {isa = PBXFileReference; lastKnownFileType = sourcecode.swift; path = TransactionModel.swift; sourceTree = "<group>"; };
		5CE706A02C06452600C65F08 /* CardsPreviewData.swift */ = {isa = PBXFileReference; lastKnownFileType = sourcecode.swift; path = CardsPreviewData.swift; sourceTree = "<group>"; };
		5CE706A22C0646C000C65F08 /* TransactionsPreviewData.swift */ = {isa = PBXFileReference; lastKnownFileType = sourcecode.swift; path = TransactionsPreviewData.swift; sourceTree = "<group>"; };
		5CE706A42C064B9700C65F08 /* TransactionRow.swift */ = {isa = PBXFileReference; lastKnownFileType = sourcecode.swift; path = TransactionRow.swift; sourceTree = "<group>"; };
		5CE706A72C065BCA00C65F08 /* Colors.swift */ = {isa = PBXFileReference; lastKnownFileType = sourcecode.swift; path = Colors.swift; sourceTree = "<group>"; };
		5CE706AA2C0750A800C65F08 /* Transactions.json */ = {isa = PBXFileReference; lastKnownFileType = text.json; path = Transactions.json; sourceTree = "<group>"; };
		5CE706AC2C0750C800C65F08 /* Cards.json */ = {isa = PBXFileReference; lastKnownFileType = text.json; path = Cards.json; sourceTree = "<group>"; };
		5CE706B52C07C63700C65F08 /* TotalBalance.json */ = {isa = PBXFileReference; lastKnownFileType = text.json; path = TotalBalance.json; sourceTree = "<group>"; };
		5CE706B82C07D5F800C65F08 /* BankAPI.swift */ = {isa = PBXFileReference; lastKnownFileType = sourcecode.swift; path = BankAPI.swift; sourceTree = "<group>"; };
		5CE706BA2C07D66500C65F08 /* BalanceModel.swift */ = {isa = PBXFileReference; lastKnownFileType = sourcecode.swift; path = BalanceModel.swift; sourceTree = "<group>"; };
		5CE706BC2C07D83600C65F08 /* MockUrlProtocol.swift */ = {isa = PBXFileReference; lastKnownFileType = sourcecode.swift; path = MockUrlProtocol.swift; sourceTree = "<group>"; };
		5CE706BF2C07DABA00C65F08 /* HomeViewModel.swift */ = {isa = PBXFileReference; lastKnownFileType = sourcecode.swift; path = HomeViewModel.swift; sourceTree = "<group>"; };
		5CE706C12C07F3F300C65F08 /* TransactionsListView.swift */ = {isa = PBXFileReference; lastKnownFileType = sourcecode.swift; path = TransactionsListView.swift; sourceTree = "<group>"; };
		5CE706C32C08A7E200C65F08 /* CardsListView.swift */ = {isa = PBXFileReference; lastKnownFileType = sourcecode.swift; path = CardsListView.swift; sourceTree = "<group>"; };
		5CE706C52C08A81200C65F08 /* CardRow.swift */ = {isa = PBXFileReference; lastKnownFileType = sourcecode.swift; path = CardRow.swift; sourceTree = "<group>"; };
		5CE706C72C08B46C00C65F08 /* BalanceView.swift */ = {isa = PBXFileReference; lastKnownFileType = sourcecode.swift; path = BalanceView.swift; sourceTree = "<group>"; };
		5CE706CE2C08D69900C65F08 /* HomeView.swift */ = {isa = PBXFileReference; lastKnownFileType = sourcecode.swift; path = HomeView.swift; sourceTree = "<group>"; };
/* End PBXFileReference section */

/* Begin PBXFrameworksBuildPhase section */
		5CE706842C05F0D200C65F08 /* Frameworks */ = {
			isa = PBXFrameworksBuildPhase;
			buildActionMask = 2147483647;
			files = (
			);
			runOnlyForDeploymentPostprocessing = 0;
		};
/* End PBXFrameworksBuildPhase section */

/* Begin PBXGroup section */
		5CE7067E2C05F0D200C65F08 = {
			isa = PBXGroup;
			children = (
				5CE706892C05F0D200C65F08 /* BankingTestApp */,
				5CE706882C05F0D200C65F08 /* Products */,
			);
			sourceTree = "<group>";
		};
		5CE706882C05F0D200C65F08 /* Products */ = {
			isa = PBXGroup;
			children = (
				5CE706872C05F0D200C65F08 /* BankingTestApp.app */,
			);
			name = Products;
			sourceTree = "<group>";
		};
		5CE706892C05F0D200C65F08 /* BankingTestApp */ = {
			isa = PBXGroup;
			children = (
				5CE706BE2C07DA3C00C65F08 /* ViewModels */,
				5CE706AE2C07550500C65F08 /* Network */,
				5CE706A92C07504500C65F08 /* DataMock */,
				5CE706A62C065BAB00C65F08 /* Helpers */,
				5CE706992C0608CA00C65F08 /* Models */,
				5CE706982C0608BA00C65F08 /* Views */,
				5CE7068A2C05F0D200C65F08 /* BankingTestApp.swift */,
				5CE7068E2C05F0D300C65F08 /* Assets.xcassets */,
				5CE706902C05F0D300C65F08 /* Preview Content */,
			);
			path = BankingTestApp;
			sourceTree = "<group>";
		};
		5CE706902C05F0D300C65F08 /* Preview Content */ = {
			isa = PBXGroup;
			children = (
				5CE706912C05F0D300C65F08 /* Preview Assets.xcassets */,
				5CE706A02C06452600C65F08 /* CardsPreviewData.swift */,
				5CE706A22C0646C000C65F08 /* TransactionsPreviewData.swift */,
			);
			path = "Preview Content";
			sourceTree = "<group>";
		};
		5CE706982C0608BA00C65F08 /* Views */ = {
			isa = PBXGroup;
			children = (
				5CE7068C2C05F0D200C65F08 /* ContentView.swift */,
				5CE706CB2C08D5F900C65F08 /* HomeView */,
			);
			path = Views;
			sourceTree = "<group>";
		};
		5CE706992C0608CA00C65F08 /* Models */ = {
			isa = PBXGroup;
			children = (
				5CE7069A2C0608E800C65F08 /* Tabs.swift */,
				5CE7069C2C06430200C65F08 /* CardModel.swift */,
				5CE7069E2C06448E00C65F08 /* TransactionModel.swift */,
				5CE706BA2C07D66500C65F08 /* BalanceModel.swift */,
			);
			path = Models;
			sourceTree = "<group>";
		};
		5CE706A62C065BAB00C65F08 /* Helpers */ = {
			isa = PBXGroup;
			children = (
				5CE706A72C065BCA00C65F08 /* Colors.swift */,
			);
			path = Helpers;
			sourceTree = "<group>";
		};
		5CE706A92C07504500C65F08 /* DataMock */ = {
			isa = PBXGroup;
			children = (
				5CE706AA2C0750A800C65F08 /* Transactions.json */,
				5CE706AC2C0750C800C65F08 /* Cards.json */,
				5CE706B52C07C63700C65F08 /* TotalBalance.json */,
			);
			path = DataMock;
			sourceTree = "<group>";
		};
		5CE706AE2C07550500C65F08 /* Network */ = {
			isa = PBXGroup;
			children = (
				5CE706B82C07D5F800C65F08 /* BankAPI.swift */,
				5CE706BC2C07D83600C65F08 /* MockUrlProtocol.swift */,
			);
			path = Network;
			sourceTree = "<group>";
		};
		5CE706BE2C07DA3C00C65F08 /* ViewModels */ = {
			isa = PBXGroup;
			children = (
				5CE706BF2C07DABA00C65F08 /* HomeViewModel.swift */,
			);
			path = ViewModels;
			sourceTree = "<group>";
		};
		5CE706CB2C08D5F900C65F08 /* HomeView */ = {
			isa = PBXGroup;
			children = (
				5CE706A42C064B9700C65F08 /* TransactionRow.swift */,
				5CE706C72C08B46C00C65F08 /* BalanceView.swift */,
				5CE706C12C07F3F300C65F08 /* TransactionsListView.swift */,
				5CE706C32C08A7E200C65F08 /* CardsListView.swift */,
				5CE706C52C08A81200C65F08 /* CardRow.swift */,
				5CE706CE2C08D69900C65F08 /* HomeView.swift */,
			);
			path = HomeView;
			sourceTree = "<group>";
		};
/* End PBXGroup section */

/* Begin PBXNativeTarget section */
		5CE706862C05F0D200C65F08 /* BankingTestApp */ = {
			isa = PBXNativeTarget;
			buildConfigurationList = 5CE706952C05F0D300C65F08 /* Build configuration list for PBXNativeTarget "BankingTestApp" */;
			buildPhases = (
				5CE706832C05F0D200C65F08 /* Sources */,
				5CE706842C05F0D200C65F08 /* Frameworks */,
				5CE706852C05F0D200C65F08 /* Resources */,
			);
			buildRules = (
			);
			dependencies = (
			);
			name = BankingTestApp;
			productName = BankingTestApp;
			productReference = 5CE706872C05F0D200C65F08 /* BankingTestApp.app */;
			productType = "com.apple.product-type.application";
		};
/* End PBXNativeTarget section */

/* Begin PBXProject section */
		5CE7067F2C05F0D200C65F08 /* Project object */ = {
			isa = PBXProject;
			attributes = {
				BuildIndependentTargetsInParallel = 1;
				LastSwiftUpdateCheck = 1520;
				LastUpgradeCheck = 1520;
				TargetAttributes = {
					5CE706862C05F0D200C65F08 = {
						CreatedOnToolsVersion = 15.2;
					};
				};
			};
			buildConfigurationList = 5CE706822C05F0D200C65F08 /* Build configuration list for PBXProject "BankingTestApp" */;
			compatibilityVersion = "Xcode 14.0";
			developmentRegion = en;
			hasScannedForEncodings = 0;
			knownRegions = (
				en,
				Base,
			);
			mainGroup = 5CE7067E2C05F0D200C65F08;
			productRefGroup = 5CE706882C05F0D200C65F08 /* Products */;
			projectDirPath = "";
			projectRoot = "";
			targets = (
				5CE706862C05F0D200C65F08 /* BankingTestApp */,
			);
		};
/* End PBXProject section */

/* Begin PBXResourcesBuildPhase section */
		5CE706852C05F0D200C65F08 /* Resources */ = {
			isa = PBXResourcesBuildPhase;
			buildActionMask = 2147483647;
			files = (
				5CE706922C05F0D300C65F08 /* Preview Assets.xcassets in Resources */,
				5CE7068F2C05F0D300C65F08 /* Assets.xcassets in Resources */,
				5CE706AB2C0750A800C65F08 /* Transactions.json in Resources */,
				5CE706B62C07C63700C65F08 /* TotalBalance.json in Resources */,
				5CE706AD2C0750C800C65F08 /* Cards.json in Resources */,
			);
			runOnlyForDeploymentPostprocessing = 0;
		};
/* End PBXResourcesBuildPhase section */

/* Begin PBXSourcesBuildPhase section */
		5CE706832C05F0D200C65F08 /* Sources */ = {
			isa = PBXSourcesBuildPhase;
			buildActionMask = 2147483647;
			files = (
				5CE7068D2C05F0D200C65F08 /* ContentView.swift in Sources */,
				5CE706C22C07F3F300C65F08 /* TransactionsListView.swift in Sources */,
				5CE706A82C065BCA00C65F08 /* Colors.swift in Sources */,
				5CE706A32C0646C000C65F08 /* TransactionsPreviewData.swift in Sources */,
				5CE706BD2C07D83600C65F08 /* MockUrlProtocol.swift in Sources */,
				5CE7069D2C06430200C65F08 /* CardModel.swift in Sources */,
				5CE706A12C06452600C65F08 /* CardsPreviewData.swift in Sources */,
				5CE706C82C08B46C00C65F08 /* BalanceView.swift in Sources */,
				5CE706C42C08A7E200C65F08 /* CardsListView.swift in Sources */,
				5CE706CF2C08D69900C65F08 /* HomeView.swift in Sources */,
				5CE7068B2C05F0D200C65F08 /* BankingTestApp.swift in Sources */,
				5CE706A52C064B9700C65F08 /* TransactionRow.swift in Sources */,
				5CE706C62C08A81200C65F08 /* CardRow.swift in Sources */,
				5CE706C02C07DABA00C65F08 /* HomeViewModel.swift in Sources */,
				5CE706BB2C07D66500C65F08 /* BalanceModel.swift in Sources */,
				5CE7069B2C0608E800C65F08 /* Tabs.swift in Sources */,
				5CE706B92C07D5F800C65F08 /* BankAPI.swift in Sources */,
				5CE7069F2C06448E00C65F08 /* TransactionModel.swift in Sources */,
			);
			runOnlyForDeploymentPostprocessing = 0;
		};
/* End PBXSourcesBuildPhase section */

/* Begin XCBuildConfiguration section */
		5CE706932C05F0D300C65F08 /* Debug */ = {
			isa = XCBuildConfiguration;
			buildSettings = {
				ALWAYS_SEARCH_USER_PATHS = NO;
				ASSETCATALOG_COMPILER_GENERATE_SWIFT_ASSET_SYMBOL_EXTENSIONS = YES;
				CLANG_ANALYZER_NONNULL = YES;
				CLANG_ANALYZER_NUMBER_OBJECT_CONVERSION = YES_AGGRESSIVE;
				CLANG_CXX_LANGUAGE_STANDARD = "gnu++20";
				CLANG_ENABLE_MODULES = YES;
				CLANG_ENABLE_OBJC_ARC = YES;
				CLANG_ENABLE_OBJC_WEAK = YES;
				CLANG_WARN_BLOCK_CAPTURE_AUTORELEASING = YES;
				CLANG_WARN_BOOL_CONVERSION = YES;
				CLANG_WARN_COMMA = YES;
				CLANG_WARN_CONSTANT_CONVERSION = YES;
				CLANG_WARN_DEPRECATED_OBJC_IMPLEMENTATIONS = YES;
				CLANG_WARN_DIRECT_OBJC_ISA_USAGE = YES_ERROR;
				CLANG_WARN_DOCUMENTATION_COMMENTS = YES;
				CLANG_WARN_EMPTY_BODY = YES;
				CLANG_WARN_ENUM_CONVERSION = YES;
				CLANG_WARN_INFINITE_RECURSION = YES;
				CLANG_WARN_INT_CONVERSION = YES;
				CLANG_WARN_NON_LITERAL_NULL_CONVERSION = YES;
				CLANG_WARN_OBJC_IMPLICIT_RETAIN_SELF = YES;
				CLANG_WARN_OBJC_LITERAL_CONVERSION = YES;
				CLANG_WARN_OBJC_ROOT_CLASS = YES_ERROR;
				CLANG_WARN_QUOTED_INCLUDE_IN_FRAMEWORK_HEADER = YES;
				CLANG_WARN_RANGE_LOOP_ANALYSIS = YES;
				CLANG_WARN_STRICT_PROTOTYPES = YES;
				CLANG_WARN_SUSPICIOUS_MOVE = YES;
				CLANG_WARN_UNGUARDED_AVAILABILITY = YES_AGGRESSIVE;
				CLANG_WARN_UNREACHABLE_CODE = YES;
				CLANG_WARN__DUPLICATE_METHOD_MATCH = YES;
				COPY_PHASE_STRIP = NO;
				DEBUG_INFORMATION_FORMAT = dwarf;
				ENABLE_STRICT_OBJC_MSGSEND = YES;
				ENABLE_TESTABILITY = YES;
				ENABLE_USER_SCRIPT_SANDBOXING = YES;
				GCC_C_LANGUAGE_STANDARD = gnu17;
				GCC_DYNAMIC_NO_PIC = NO;
				GCC_NO_COMMON_BLOCKS = YES;
				GCC_OPTIMIZATION_LEVEL = 0;
				GCC_PREPROCESSOR_DEFINITIONS = (
					"DEBUG=1",
					"$(inherited)",
				);
				GCC_WARN_64_TO_32_BIT_CONVERSION = YES;
				GCC_WARN_ABOUT_RETURN_TYPE = YES_ERROR;
				GCC_WARN_UNDECLARED_SELECTOR = YES;
				GCC_WARN_UNINITIALIZED_AUTOS = YES_AGGRESSIVE;
				GCC_WARN_UNUSED_FUNCTION = YES;
				GCC_WARN_UNUSED_VARIABLE = YES;
				IPHONEOS_DEPLOYMENT_TARGET = 17.2;
				LOCALIZATION_PREFERS_STRING_CATALOGS = YES;
				MTL_ENABLE_DEBUG_INFO = INCLUDE_SOURCE;
				MTL_FAST_MATH = YES;
				ONLY_ACTIVE_ARCH = YES;
				SDKROOT = iphoneos;
				SWIFT_ACTIVE_COMPILATION_CONDITIONS = "DEBUG $(inherited)";
				SWIFT_OPTIMIZATION_LEVEL = "-Onone";
			};
			name = Debug;
		};
		5CE706942C05F0D300C65F08 /* Release */ = {
			isa = XCBuildConfiguration;
			buildSettings = {
				ALWAYS_SEARCH_USER_PATHS = NO;
				ASSETCATALOG_COMPILER_GENERATE_SWIFT_ASSET_SYMBOL_EXTENSIONS = YES;
				CLANG_ANALYZER_NONNULL = YES;
				CLANG_ANALYZER_NUMBER_OBJECT_CONVERSION = YES_AGGRESSIVE;
				CLANG_CXX_LANGUAGE_STANDARD = "gnu++20";
				CLANG_ENABLE_MODULES = YES;
				CLANG_ENABLE_OBJC_ARC = YES;
				CLANG_ENABLE_OBJC_WEAK = YES;
				CLANG_WARN_BLOCK_CAPTURE_AUTORELEASING = YES;
				CLANG_WARN_BOOL_CONVERSION = YES;
				CLANG_WARN_COMMA = YES;
				CLANG_WARN_CONSTANT_CONVERSION = YES;
				CLANG_WARN_DEPRECATED_OBJC_IMPLEMENTATIONS = YES;
				CLANG_WARN_DIRECT_OBJC_ISA_USAGE = YES_ERROR;
				CLANG_WARN_DOCUMENTATION_COMMENTS = YES;
				CLANG_WARN_EMPTY_BODY = YES;
				CLANG_WARN_ENUM_CONVERSION = YES;
				CLANG_WARN_INFINITE_RECURSION = YES;
				CLANG_WARN_INT_CONVERSION = YES;
				CLANG_WARN_NON_LITERAL_NULL_CONVERSION = YES;
				CLANG_WARN_OBJC_IMPLICIT_RETAIN_SELF = YES;
				CLANG_WARN_OBJC_LITERAL_CONVERSION = YES;
				CLANG_WARN_OBJC_ROOT_CLASS = YES_ERROR;
				CLANG_WARN_QUOTED_INCLUDE_IN_FRAMEWORK_HEADER = YES;
				CLANG_WARN_RANGE_LOOP_ANALYSIS = YES;
				CLANG_WARN_STRICT_PROTOTYPES = YES;
				CLANG_WARN_SUSPICIOUS_MOVE = YES;
				CLANG_WARN_UNGUARDED_AVAILABILITY = YES_AGGRESSIVE;
				CLANG_WARN_UNREACHABLE_CODE = YES;
				CLANG_WARN__DUPLICATE_METHOD_MATCH = YES;
				COPY_PHASE_STRIP = NO;
				DEBUG_INFORMATION_FORMAT = "dwarf-with-dsym";
				ENABLE_NS_ASSERTIONS = NO;
				ENABLE_STRICT_OBJC_MSGSEND = YES;
				ENABLE_USER_SCRIPT_SANDBOXING = YES;
				GCC_C_LANGUAGE_STANDARD = gnu17;
				GCC_NO_COMMON_BLOCKS = YES;
				GCC_WARN_64_TO_32_BIT_CONVERSION = YES;
				GCC_WARN_ABOUT_RETURN_TYPE = YES_ERROR;
				GCC_WARN_UNDECLARED_SELECTOR = YES;
				GCC_WARN_UNINITIALIZED_AUTOS = YES_AGGRESSIVE;
				GCC_WARN_UNUSED_FUNCTION = YES;
				GCC_WARN_UNUSED_VARIABLE = YES;
				IPHONEOS_DEPLOYMENT_TARGET = 17.2;
				LOCALIZATION_PREFERS_STRING_CATALOGS = YES;
				MTL_ENABLE_DEBUG_INFO = NO;
				MTL_FAST_MATH = YES;
				SDKROOT = iphoneos;
				SWIFT_COMPILATION_MODE = wholemodule;
				VALIDATE_PRODUCT = YES;
			};
			name = Release;
		};
		5CE706962C05F0D300C65F08 /* Debug */ = {
			isa = XCBuildConfiguration;
			buildSettings = {
				ASSETCATALOG_COMPILER_APPICON_NAME = AppIcon;
				ASSETCATALOG_COMPILER_GLOBAL_ACCENT_COLOR_NAME = AccentColor;
				CODE_SIGN_STYLE = Automatic;
				CURRENT_PROJECT_VERSION = 1;
				DEVELOPMENT_ASSET_PATHS = "\"BankingTestApp/Preview Content\"";
				DEVELOPMENT_TEAM = UYH8ZRUR9A;
				ENABLE_PREVIEWS = YES;
				GENERATE_INFOPLIST_FILE = YES;
				INFOPLIST_KEY_UIApplicationSceneManifest_Generation = YES;
				INFOPLIST_KEY_UIApplicationSupportsIndirectInputEvents = YES;
				INFOPLIST_KEY_UILaunchScreen_Generation = YES;
				INFOPLIST_KEY_UISupportedInterfaceOrientations_iPad = "UIInterfaceOrientationPortrait UIInterfaceOrientationPortraitUpsideDown UIInterfaceOrientationLandscapeLeft UIInterfaceOrientationLandscapeRight";
				INFOPLIST_KEY_UISupportedInterfaceOrientations_iPhone = "UIInterfaceOrientationPortrait UIInterfaceOrientationLandscapeLeft UIInterfaceOrientationLandscapeRight";
				LD_RUNPATH_SEARCH_PATHS = (
					"$(inherited)",
					"@executable_path/Frameworks",
				);
				MARKETING_VERSION = 1.0;
				PRODUCT_BUNDLE_IDENTIFIER = edu.BankingTestApp;
				PRODUCT_NAME = "$(TARGET_NAME)";
				SWIFT_EMIT_LOC_STRINGS = YES;
				SWIFT_VERSION = 5.0;
				TARGETED_DEVICE_FAMILY = "1,2";
			};
			name = Debug;
		};
		5CE706972C05F0D300C65F08 /* Release */ = {
			isa = XCBuildConfiguration;
			buildSettings = {
				ASSETCATALOG_COMPILER_APPICON_NAME = AppIcon;
				ASSETCATALOG_COMPILER_GLOBAL_ACCENT_COLOR_NAME = AccentColor;
				CODE_SIGN_STYLE = Automatic;
				CURRENT_PROJECT_VERSION = 1;
				DEVELOPMENT_ASSET_PATHS = "\"BankingTestApp/Preview Content\"";
				DEVELOPMENT_TEAM = UYH8ZRUR9A;
				ENABLE_PREVIEWS = YES;
				GENERATE_INFOPLIST_FILE = YES;
				INFOPLIST_KEY_UIApplicationSceneManifest_Generation = YES;
				INFOPLIST_KEY_UIApplicationSupportsIndirectInputEvents = YES;
				INFOPLIST_KEY_UILaunchScreen_Generation = YES;
				INFOPLIST_KEY_UISupportedInterfaceOrientations_iPad = "UIInterfaceOrientationPortrait UIInterfaceOrientationPortraitUpsideDown UIInterfaceOrientationLandscapeLeft UIInterfaceOrientationLandscapeRight";
				INFOPLIST_KEY_UISupportedInterfaceOrientations_iPhone = "UIInterfaceOrientationPortrait UIInterfaceOrientationLandscapeLeft UIInterfaceOrientationLandscapeRight";
				LD_RUNPATH_SEARCH_PATHS = (
					"$(inherited)",
					"@executable_path/Frameworks",
				);
				MARKETING_VERSION = 1.0;
				PRODUCT_BUNDLE_IDENTIFIER = edu.BankingTestApp;
				PRODUCT_NAME = "$(TARGET_NAME)";
				SWIFT_EMIT_LOC_STRINGS = YES;
				SWIFT_VERSION = 5.0;
				TARGETED_DEVICE_FAMILY = "1,2";
			};
			name = Release;
		};
/* End XCBuildConfiguration section */

/* Begin XCConfigurationList section */
		5CE706822C05F0D200C65F08 /* Build configuration list for PBXProject "BankingTestApp" */ = {
			isa = XCConfigurationList;
			buildConfigurations = (
				5CE706932C05F0D300C65F08 /* Debug */,
				5CE706942C05F0D300C65F08 /* Release */,
			);
			defaultConfigurationIsVisible = 0;
			defaultConfigurationName = Release;
		};
		5CE706952C05F0D300C65F08 /* Build configuration list for PBXNativeTarget "BankingTestApp" */ = {
			isa = XCConfigurationList;
			buildConfigurations = (
				5CE706962C05F0D300C65F08 /* Debug */,
				5CE706972C05F0D300C65F08 /* Release */,
			);
			defaultConfigurationIsVisible = 0;
			defaultConfigurationName = Release;
		};
/* End XCConfigurationList section */
	};
	rootObject = 5CE7067F2C05F0D200C65F08 /* Project object */;
}
